{
    "_meta": {
        "hash": {
            "sha256": "8254ca1d319183fa265192aad345cc864f7918ca9045693de5f34f9aa6396dbe"
        },
        "pipfile-spec": 6,
        "requires": {
            "python_version": "3.8"
        },
        "sources": [
            {
                "name": "pypi",
                "url": "https://pypi.org/simple",
                "verify_ssl": true
            }
        ]
    },
    "default": {
        "mecab": {
            "hashes": [
                "sha256:096bc3fb638e349dcfb171d71a1cfaebf8b93b06a13209e9a607132b62cb3357",
                "sha256:0afedab4824fc6c25349801edfc857e430b8c85c6d7c417e04d67a2759c00087",
                "sha256:13d41749d5a7314edd6ff4df22fc3dd80843e6002a2ae080376d3a448ead9274",
                "sha256:35cfaab24b4445bc2e11ee0ae138933a41e31883232e2d9017df98cc2a9c604d",
                "sha256:6c6b042a73dc0bb7ec34c2c91683f5d0327f6f46539fed3afb4d123dc64cab3c",
                "sha256:9449d2e99c051517d088c40f035bb710b60ef74cf10494ec882316e4d86ec526",
                "sha256:95685c2b7b1e30d42506d19f6ada8b135ef0006097585f410c0bfe4921f6d6f2",
                "sha256:9868fcacc887a6848634682394d9b3b388fe724408e0c2d0cc40c0d902df9e49",
                "sha256:ec8e46e4930e091c25f9f2dc740543bfc483482917dc1340fd914a9344de5b10"
            ],
            "index": "pypi",
            "version": "==0.996.2"
        }
    },
    "develop": {}
}
